{
  "name": "@portfolio/shared",
  "version": "0.1.0",
  "lockfileVersion": 3,
  "requires": true,
  "packages": {
    "": {
      "name": "@portfolio/shared",
      "version": "0.1.0",
      "dependencies": {
        "portfolio-website": "file:../.."
      }
    },
    "../..": {
      "version": "0.1.0",
      "devDependencies": {
        "concurrently": "^9.1.2"
      },
      "engines": {
        "node": ">=22.0.0"
      }
    },
    "node_modules/portfolio-website": {
      "resolved": "../..",
      "link": true
    }
  }
}
